
Microsoft Visual Studio Solution File, Format Version 12.00
# Visual Studio Version 17
VisualStudioVersion = 17.7.34221.43
MinimumVisualStudioVersion = 10.0.40219.1
Project("{9A19103F-16F7-4668-BE54-9A1E7A4F7556}") = "ProcedureManager", "ProcedureManager\ProcedureManager.csproj", "{ACDF8B49-8BAF-4B9A-B429-3CFAF220BB6E}"
EndProject
Global
	GlobalSection(SolutionConfigurationPlatforms) = preSolution
		Debug|Any CPU = Debug|Any CPU
		Release|Any CPU = Release|Any CPU
	EndGlobalSection
	GlobalSection(ProjectConfigurationPlatforms) = postSolution
		{ACDF8B49-8BAF-4B9A-B429-3CFAF220BB6E}.Debug|Any CPU.ActiveCfg = Debug|Any CPU
		{ACDF8B49-8BAF-4B9A-B429-3CFAF220BB6E}.Debug|Any CPU.Build.0 = Debug|Any CPU
		{ACDF8B49-8BAF-4B9A-B429-3CFAF220BB6E}.Release|Any CPU.ActiveCfg = Release|Any CPU
		{ACDF8B49-8BAF-4B9A-B429-3CFAF220BB6E}.Release|Any CPU.Build.0 = Release|Any CPU
	EndGlobalSection
	GlobalSection(SolutionProperties) = preSolution
		HideSolutionNode = FALSE
	EndGlobalSection
	GlobalSection(ExtensibilityGlobals) = postSolution
		SolutionGuid = {147C2635-E3A7-422E-B535-58AC3D10B4CE}
	EndGlobalSection
EndGlobal
